
Microsoft Visual Studio Solution File, Format Version 12.00
# Visual Studio Version 17
VisualStudioVersion = 17.9.34622.214
MinimumVisualStudioVersion = 10.0.40219.1
Project("{FAE04EC0-301F-11D3-BF4B-00C04F79EFBC}") = "XOXOyunu", "XOXOyunu\XOXOyunu.csproj", "{914BB435-D0A1-4083-82CC-0CCB7109AF76}"
EndProject
Global
	GlobalSection(SolutionConfigurationPlatforms) = preSolution
		Debug|Any CPU = Debug|Any CPU
		Release|Any CPU = Release|Any CPU
	EndGlobalSection
	GlobalSection(ProjectConfigurationPlatforms) = postSolution
		{914BB435-D0A1-4083-82CC-0CCB7109AF76}.Debug|Any CPU.ActiveCfg = Debug|Any CPU
		{914BB435-D0A1-4083-82CC-0CCB7109AF76}.Debug|Any CPU.Build.0 = Debug|Any CPU
		{914BB435-D0A1-4083-82CC-0CCB7109AF76}.Release|Any CPU.ActiveCfg = Release|Any CPU
		{914BB435-D0A1-4083-82CC-0CCB7109AF76}.Release|Any CPU.Build.0 = Release|Any CPU
	EndGlobalSection
	GlobalSection(SolutionProperties) = preSolution
		HideSolutionNode = FALSE
	EndGlobalSection
	GlobalSection(ExtensibilityGlobals) = postSolution
		SolutionGuid = {FBA42D23-79C1-4782-9534-6BEB2431ACCE}
	EndGlobalSection
EndGlobal
